
Microsoft Visual Studio Solution File, Format Version 12.00
# Visual Studio Version 17
VisualStudioVersion = 17.2.32505.173
MinimumVisualStudioVersion = 10.0.40219.1
Project("{FAE04EC0-301F-11D3-BF4B-00C04F79EFBC}") = "pvt_service", "pvt_service.csproj", "{2107B51A-96A8-426D-B008-CBC04ECCF130}"
EndProject
Project("{FAE04EC0-301F-11D3-BF4B-00C04F79EFBC}") = "Abstractions", "Abstractions\Abstractions.csproj", "{DB477A14-D013-41FF-8CFD-7C7036FBBD02}"
EndProject
Project("{FAE04EC0-301F-11D3-BF4B-00C04F79EFBC}") = "Implementations", "Implementations\Implementations.csproj", "{D0646E7D-2854-454B-9A07-694410C8090F}"
EndProject
Global
	GlobalSection(SolutionConfigurationPlatforms) = preSolution
		Debug|Any CPU = Debug|Any CPU
		Release|Any CPU = Release|Any CPU
	EndGlobalSection
	GlobalSection(ProjectConfigurationPlatforms) = postSolution
		{2107B51A-96A8-426D-B008-CBC04ECCF130}.Debug|Any CPU.ActiveCfg = Debug|Any CPU
		{2107B51A-96A8-426D-B008-CBC04ECCF130}.Debug|Any CPU.Build.0 = Debug|Any CPU
		{2107B51A-96A8-426D-B008-CBC04ECCF130}.Release|Any CPU.ActiveCfg = Release|Any CPU
		{2107B51A-96A8-426D-B008-CBC04ECCF130}.Release|Any CPU.Build.0 = Release|Any CPU
		{DB477A14-D013-41FF-8CFD-7C7036FBBD02}.Debug|Any CPU.ActiveCfg = Debug|Any CPU
		{DB477A14-D013-41FF-8CFD-7C7036FBBD02}.Debug|Any CPU.Build.0 = Debug|Any CPU
		{DB477A14-D013-41FF-8CFD-7C7036FBBD02}.Release|Any CPU.ActiveCfg = Release|Any CPU
		{DB477A14-D013-41FF-8CFD-7C7036FBBD02}.Release|Any CPU.Build.0 = Release|Any CPU
		{D0646E7D-2854-454B-9A07-694410C8090F}.Debug|Any CPU.ActiveCfg = Debug|Any CPU
		{D0646E7D-2854-454B-9A07-694410C8090F}.Debug|Any CPU.Build.0 = Debug|Any CPU
		{D0646E7D-2854-454B-9A07-694410C8090F}.Release|Any CPU.ActiveCfg = Release|Any CPU
		{D0646E7D-2854-454B-9A07-694410C8090F}.Release|Any CPU.Build.0 = Release|Any CPU
	EndGlobalSection
	GlobalSection(SolutionProperties) = preSolution
		HideSolutionNode = FALSE
	EndGlobalSection
	GlobalSection(ExtensibilityGlobals) = postSolution
		SolutionGuid = {7629D1F4-6AB8-4D9F-B32F-2A154F2A507C}
	EndGlobalSection
EndGlobal
